
Microsoft Visual Studio Solution File, Format Version 12.00
# Visual Studio Version 16
VisualStudioVersion = 16.0.30907.101
MinimumVisualStudioVersion = 10.0.40219.1
Project("{FAE04EC0-301F-11D3-BF4B-00C04F79EFBC}") = "TeaGardenManagement", "LogIn Form\TeaGardenManagement.csproj", "{601FD146-F374-494E-852C-42C4B248108D}"
EndProject
Global
	GlobalSection(SolutionConfigurationPlatforms) = preSolution
		Debug|Any CPU = Debug|Any CPU
		Release|Any CPU = Release|Any CPU
	EndGlobalSection
	GlobalSection(ProjectConfigurationPlatforms) = postSolution
		{601FD146-F374-494E-852C-42C4B248108D}.Debug|Any CPU.ActiveCfg = Debug|Any CPU
		{601FD146-F374-494E-852C-42C4B248108D}.Debug|Any CPU.Build.0 = Debug|Any CPU
		{601FD146-F374-494E-852C-42C4B248108D}.Release|Any CPU.ActiveCfg = Release|Any CPU
		{601FD146-F374-494E-852C-42C4B248108D}.Release|Any CPU.Build.0 = Release|Any CPU
	EndGlobalSection
	GlobalSection(SolutionProperties) = preSolution
		HideSolutionNode = FALSE
	EndGlobalSection
	GlobalSection(ExtensibilityGlobals) = postSolution
		SolutionGuid = {7C6255C9-1568-4BE1-B9D2-6B7E10F0A561}
	EndGlobalSection
EndGlobal
